
Microsoft Visual Studio Solution File, Format Version 12.00
# Visual Studio Version 16
VisualStudioVersion = 16.0.32106.194
MinimumVisualStudioVersion = 10.0.40219.1
Project("{FAE04EC0-301F-11D3-BF4B-00C04F79EFBC}") = "GymManagement.Domain", "Core\GymManagement.Domain\GymManagement.Domain.csproj", "{10AD2346-3733-41DF-8F52-4EC36041F605}"
EndProject
Project("{2150E333-8FDC-42A3-9474-1A3956D46DE8}") = "Core", "Core", "{D6C2F3B5-0201-440A-A236-47A02FEE9905}"
EndProject
Project("{2150E333-8FDC-42A3-9474-1A3956D46DE8}") = "InfraStructure", "InfraStructure", "{29C84A84-E2DD-4872-B98E-9F56255F61F5}"
EndProject
Project("{FAE04EC0-301F-11D3-BF4B-00C04F79EFBC}") = "GymManagement.Infrastructure", "Infrastructure\GymManagement.Infrastructure\GymManagement.Infrastructure.csproj", "{5C213430-37D6-4F11-BD3A-35494ABC1D55}"
EndProject
Project("{2150E333-8FDC-42A3-9474-1A3956D46DE8}") = "Presentation", "Presentation", "{1A040005-D63F-45B6-8E74-71921AE74C4B}"
EndProject
Project("{FAE04EC0-301F-11D3-BF4B-00C04F79EFBC}") = "GymManagement.WebAPI", "WebAPI\GymManagement.WebAPI\GymManagement.WebAPI.csproj", "{DD1F01F6-BC84-4A36-A231-97A72DE981E8}"
EndProject
Project("{FAE04EC0-301F-11D3-BF4B-00C04F79EFBC}") = "GymManagement.Application", "Application\GymManagement.Application\GymManagement.Application.csproj", "{BC2A95EC-93B0-40A6-9453-4B1781677522}"
EndProject
Global
	GlobalSection(SolutionConfigurationPlatforms) = preSolution
		Debug|Any CPU = Debug|Any CPU
		Release|Any CPU = Release|Any CPU
	EndGlobalSection
	GlobalSection(ProjectConfigurationPlatforms) = postSolution
		{10AD2346-3733-41DF-8F52-4EC36041F605}.Debug|Any CPU.ActiveCfg = Debug|Any CPU
		{10AD2346-3733-41DF-8F52-4EC36041F605}.Debug|Any CPU.Build.0 = Debug|Any CPU
		{10AD2346-3733-41DF-8F52-4EC36041F605}.Release|Any CPU.ActiveCfg = Release|Any CPU
		{10AD2346-3733-41DF-8F52-4EC36041F605}.Release|Any CPU.Build.0 = Release|Any CPU
		{5C213430-37D6-4F11-BD3A-35494ABC1D55}.Debug|Any CPU.ActiveCfg = Debug|Any CPU
		{5C213430-37D6-4F11-BD3A-35494ABC1D55}.Debug|Any CPU.Build.0 = Debug|Any CPU
		{5C213430-37D6-4F11-BD3A-35494ABC1D55}.Release|Any CPU.ActiveCfg = Release|Any CPU
		{5C213430-37D6-4F11-BD3A-35494ABC1D55}.Release|Any CPU.Build.0 = Release|Any CPU
		{DD1F01F6-BC84-4A36-A231-97A72DE981E8}.Debug|Any CPU.ActiveCfg = Debug|Any CPU
		{DD1F01F6-BC84-4A36-A231-97A72DE981E8}.Debug|Any CPU.Build.0 = Debug|Any CPU
		{DD1F01F6-BC84-4A36-A231-97A72DE981E8}.Release|Any CPU.ActiveCfg = Release|Any CPU
		{DD1F01F6-BC84-4A36-A231-97A72DE981E8}.Release|Any CPU.Build.0 = Release|Any CPU
		{BC2A95EC-93B0-40A6-9453-4B1781677522}.Debug|Any CPU.ActiveCfg = Debug|Any CPU
		{BC2A95EC-93B0-40A6-9453-4B1781677522}.Debug|Any CPU.Build.0 = Debug|Any CPU
		{BC2A95EC-93B0-40A6-9453-4B1781677522}.Release|Any CPU.ActiveCfg = Release|Any CPU
		{BC2A95EC-93B0-40A6-9453-4B1781677522}.Release|Any CPU.Build.0 = Release|Any CPU
	EndGlobalSection
	GlobalSection(SolutionProperties) = preSolution
		HideSolutionNode = FALSE
	EndGlobalSection
	GlobalSection(NestedProjects) = preSolution
		{10AD2346-3733-41DF-8F52-4EC36041F605} = {D6C2F3B5-0201-440A-A236-47A02FEE9905}
		{5C213430-37D6-4F11-BD3A-35494ABC1D55} = {29C84A84-E2DD-4872-B98E-9F56255F61F5}
		{DD1F01F6-BC84-4A36-A231-97A72DE981E8} = {1A040005-D63F-45B6-8E74-71921AE74C4B}
		{BC2A95EC-93B0-40A6-9453-4B1781677522} = {D6C2F3B5-0201-440A-A236-47A02FEE9905}
	EndGlobalSection
	GlobalSection(ExtensibilityGlobals) = postSolution
		SolutionGuid = {95B5FF4F-E8A0-40D8-9116-594F55601DF8}
	EndGlobalSection
EndGlobal
